
Microsoft Visual Studio Solution File, Format Version 12.00
# Visual Studio 15
Project("{FAE04EC0-301F-11D3-BF4B-00C04F79EFBC}") = "Assembly-CSharp", "Assembly-CSharp.csproj", "{0AB0C118-A2D5-9E6B-10D4-96C57B2A4865}"
EndProject
Project("{FAE04EC0-301F-11D3-BF4B-00C04F79EFBC}") = "Assembly-CSharp-Editor", "Assembly-CSharp-Editor.csproj", "{7715E8D8-8098-5C0F-D6A4-26D885533944}"
EndProject
Global
	GlobalSection(SolutionConfigurationPlatforms) = preSolution
		Debug|Any CPU = Debug|Any CPU
		Release|Any CPU = Release|Any CPU
	EndGlobalSection
	GlobalSection(ProjectConfigurationPlatforms) = postSolution
		{0AB0C118-A2D5-9E6B-10D4-96C57B2A4865}.Debug|Any CPU.ActiveCfg = Debug|Any CPU
		{0AB0C118-A2D5-9E6B-10D4-96C57B2A4865}.Debug|Any CPU.Build.0 = Debug|Any CPU
		{0AB0C118-A2D5-9E6B-10D4-96C57B2A4865}.Release|Any CPU.ActiveCfg = Release|Any CPU
		{0AB0C118-A2D5-9E6B-10D4-96C57B2A4865}.Release|Any CPU.Build.0 = Release|Any CPU
		{7715E8D8-8098-5C0F-D6A4-26D885533944}.Debug|Any CPU.ActiveCfg = Debug|Any CPU
		{7715E8D8-8098-5C0F-D6A4-26D885533944}.Debug|Any CPU.Build.0 = Debug|Any CPU
		{7715E8D8-8098-5C0F-D6A4-26D885533944}.Release|Any CPU.ActiveCfg = Release|Any CPU
		{7715E8D8-8098-5C0F-D6A4-26D885533944}.Release|Any CPU.Build.0 = Release|Any CPU
	EndGlobalSection
	GlobalSection(SolutionProperties) = preSolution
		HideSolutionNode = FALSE
	EndGlobalSection
EndGlobal
